PODS:
  - WATableViewAdapter (0.1.0)

DEPENDENCIES:
  - WATableViewAdapter (from `../`)

EXTERNAL SOURCES:
  WATableViewAdapter:
    :path: ../

SPEC CHECKSUMS:
  WATableViewAdapter: 1a6b64bb6b88d9f862b4769d8d087b67e5031e77

PODFILE CHECKSUM: a63161591554dde2ad55d0543f577c3262b1893d

COCOAPODS: 1.4.0.rc.1
